
Microsoft Visual Studio Solution File, Format Version 12.00
# Visual Studio Version 17
VisualStudioVersion = 17.0.31903.59
MinimumVisualStudioVersion = 10.0.40219.1
Project("{2150E333-8FDC-42A3-9474-1A3956D46DE8}") = "src", "src", "{827E0CD3-B72D-47B6-A68D-7590B98EB39B}"
EndProject
Project("{2150E333-8FDC-42A3-9474-1A3956D46DE8}") = "Common", "Common", "{BFF2DF6E-AA54-47C7-211F-79ACCBB4577C}"
EndProject
Project("{FAE04EC0-301F-11D3-BF4B-00C04F79EFBC}") = "Common", "src\Common\Common\Common.csproj", "{844C464E-51A0-43DC-A5C6-FE152CA4DA6F}"
EndProject
Project("{FAE04EC0-301F-11D3-BF4B-00C04F79EFBC}") = "API.Constructor", "src\Services\API\Constructor\API.Constructor\API.Constructor.csproj", "{2C6FDF35-4193-4E9B-8A52-B0D4FF8A7F16}"
EndProject
Project("{FAE04EC0-301F-11D3-BF4B-00C04F79EFBC}") = "API.Contacts", "src\Services\API\Contacts\API.Contacts.csproj", "{65168E87-F142-491B-BBAD-C244DFA3D862}"
EndProject
Project("{FAE04EC0-301F-11D3-BF4B-00C04F79EFBC}") = "API.Emailer", "src\Services\API\Emailer\API.Emailer.csproj", "{D0F1378F-D31A-446D-B0A1-5C78B83F2A4D}"
EndProject
Project("{FAE04EC0-301F-11D3-BF4B-00C04F79EFBC}") = "API.Files", "src\Services\API\Files\API.Files.csproj", "{D50A315C-0FA0-436F-91EC-9B99C1591578}"
EndProject
Project("{FAE04EC0-301F-11D3-BF4B-00C04F79EFBC}") = "API.Identity.Admin.Api", "src\Services\API\Identity\API.Identity.Admin.Api\API.Identity.Admin.Api.csproj", "{98F95409-8B3F-434B-979F-F3A3C9BF5031}"
EndProject
Project("{FAE04EC0-301F-11D3-BF4B-00C04F79EFBC}") = "API.Identity.Admin.BusinessLogic.Identity", "src\Services\API\Identity\API.Identity.Admin.BusinessLogic.Identity\API.Identity.Admin.BusinessLogic.Identity.csproj", "{34E0237A-D768-4968-A418-F7A5B73A1662}"
EndProject
Project("{FAE04EC0-301F-11D3-BF4B-00C04F79EFBC}") = "API.Identity.Admin.BusinessLogic.Shared", "src\Services\API\Identity\API.Identity.Admin.BusinessLogic.Shared\API.Identity.Admin.BusinessLogic.Shared.csproj", "{FF18B7D8-300F-4566-A956-215BD1867BEC}"
EndProject
Project("{FAE04EC0-301F-11D3-BF4B-00C04F79EFBC}") = "API.Identity.Admin.BusinessLogic", "src\Services\API\Identity\API.Identity.Admin.BusinessLogic\API.Identity.Admin.BusinessLogic.csproj", "{851E61EF-BB1C-4C6C-95B9-0D6D74720DB2}"
EndProject
Project("{FAE04EC0-301F-11D3-BF4B-00C04F79EFBC}") = "API.Identity.Admin.EntityFramework.Configuration", "src\Services\API\Identity\API.Identity.Admin.EntityFramework.Configuration\API.Identity.Admin.EntityFramework.Configuration.csproj", "{DFDB2E63-FA03-48E7-8D92-D63469E13BBB}"
EndProject
Project("{FAE04EC0-301F-11D3-BF4B-00C04F79EFBC}") = "API.Identity.Admin.EntityFramework.Extensions", "src\Services\API\Identity\API.Identity.Admin.EntityFramework.Extensions\API.Identity.Admin.EntityFramework.Extensions.csproj", "{D77F01C4-4F6F-4E32-A05F-6D5FBD75180E}"
EndProject
Project("{FAE04EC0-301F-11D3-BF4B-00C04F79EFBC}") = "API.Identity.Admin.EntityFramework.Identity", "src\Services\API\Identity\API.Identity.Admin.EntityFramework.Identity\API.Identity.Admin.EntityFramework.Identity.csproj", "{17CEC59D-A113-4800-B109-A9535BE3E8AF}"
EndProject
Project("{FAE04EC0-301F-11D3-BF4B-00C04F79EFBC}") = "API.Identity.Admin.EntityFramework.MySql", "src\Services\API\Identity\API.Identity.Admin.EntityFramework.MySql\API.Identity.Admin.EntityFramework.MySql.csproj", "{CBEA0560-BDF2-4396-B86D-6C9F4D689984}"
EndProject
Project("{FAE04EC0-301F-11D3-BF4B-00C04F79EFBC}") = "API.Identity.Admin.EntityFramework.PostgreSQL", "src\Services\API\Identity\API.Identity.Admin.EntityFramework.PostgreSQL\API.Identity.Admin.EntityFramework.PostgreSQL.csproj", "{307291E2-4ABB-4009-A691-DA3BF3519DB2}"
EndProject
Project("{FAE04EC0-301F-11D3-BF4B-00C04F79EFBC}") = "API.Identity.Admin.EntityFramework.Shared", "src\Services\API\Identity\API.Identity.Admin.EntityFramework.Shared\API.Identity.Admin.EntityFramework.Shared.csproj", "{E5570871-B434-487B-A26A-492DDE2531CA}"
EndProject
Project("{FAE04EC0-301F-11D3-BF4B-00C04F79EFBC}") = "API.Identity.Admin.EntityFramework.SqlServer", "src\Services\API\Identity\API.Identity.Admin.EntityFramework.SqlServer\API.Identity.Admin.EntityFramework.SqlServer.csproj", "{4D783806-0CDF-4295-BAB2-812F8489FB50}"
EndProject
Project("{FAE04EC0-301F-11D3-BF4B-00C04F79EFBC}") = "API.Identity.Admin.EntityFramework", "src\Services\API\Identity\API.Identity.Admin.EntityFramework\API.Identity.Admin.EntityFramework.csproj", "{6574520D-D2D5-4059-BC6D-774816DAFF3E}"
EndProject
Project("{FAE04EC0-301F-11D3-BF4B-00C04F79EFBC}") = "API.Identity.Admin.Spa.Tests", "src\Services\API\Identity\API.Identity.Admin.Spa.Tests\API.Identity.Admin.Spa.Tests.csproj", "{6A315E90-91FE-46F8-8FFC-825884F7DAD2}"
EndProject
Project("{FAE04EC0-301F-11D3-BF4B-00C04F79EFBC}") = "API.Identity.Admin.Spa", "src\Services\API\Identity\API.Identity.Admin.Spa\API.Identity.Admin.Spa.csproj", "{C73D3914-0F80-481F-AE95-B7E70297CE6D}"
EndProject
Project("{FAE04EC0-301F-11D3-BF4B-00C04F79EFBC}") = "API.Identity.Admin.UI", "src\Services\API\Identity\API.Identity.Admin.UI\API.Identity.Admin.UI.csproj", "{F4B38637-524C-4111-A027-B311C6B15FFB}"
EndProject
Project("{FAE04EC0-301F-11D3-BF4B-00C04F79EFBC}") = "API.Identity.Admin", "src\Services\API\Identity\API.Identity.Admin\API.Identity.Admin.csproj", "{EEE3EF6D-26DA-401A-B04C-EF0701313E39}"
EndProject
Project("{FAE04EC0-301F-11D3-BF4B-00C04F79EFBC}") = "API.Identity.AuditLogging.EntityFramework", "src\Services\API\Identity\API.Identity.AuditLogging.EntityFramework\API.Identity.AuditLogging.EntityFramework.csproj", "{B7A0226E-D448-48A7-B8CB-89C2B1EED620}"
EndProject
Project("{FAE04EC0-301F-11D3-BF4B-00C04F79EFBC}") = "API.Identity.AuditLogging.Host", "src\Services\API\Identity\API.Identity.AuditLogging.Host\API.Identity.AuditLogging.Host.csproj", "{52350DAB-A49A-4641-908E-58B133A35606}"
EndProject
Project("{FAE04EC0-301F-11D3-BF4B-00C04F79EFBC}") = "API.Identity.AuditLogging", "src\Services\API\Identity\API.Identity.AuditLogging\API.Identity.AuditLogging.csproj", "{D6F6A97A-DE1F-4E4B-9A71-1358B52CCDB3}"
EndProject
Project("{FAE04EC0-301F-11D3-BF4B-00C04F79EFBC}") = "API.Identity.Shared.Configuration", "src\Services\API\Identity\API.Identity.Shared.Configuration\API.Identity.Shared.Configuration.csproj", "{BB4EB43A-F5C8-4F0B-B634-4D50415F4858}"
EndProject
Project("{FAE04EC0-301F-11D3-BF4B-00C04F79EFBC}") = "API.Identity.Shared", "src\Services\API\Identity\API.Identity.Shared\API.Identity.Shared.csproj", "{A71E0F11-7BB0-43D3-BF6A-90E82263D333}"
EndProject
Project("{FAE04EC0-301F-11D3-BF4B-00C04F79EFBC}") = "API.Identity", "src\Services\API\Identity\API.Identity\API.Identity.csproj", "{CC40DA27-294E-4C9B-B356-C2CD0D0AB204}"
EndProject
Project("{FAE04EC0-301F-11D3-BF4B-00C04F79EFBC}") = "API.Projects", "src\Services\API\Projects\API.Projects.csproj", "{9216FD3F-6065-4951-841E-2C0C988965FC}"
EndProject
Project("{FAE04EC0-301F-11D3-BF4B-00C04F79EFBC}") = "SVC.Example.Tests", "src\Services\SVC\Example.Tests\SVC.Example.Tests.csproj", "{BB3F45D5-EBB1-49C5-8C21-11831BE912AA}"
EndProject
Project("{FAE04EC0-301F-11D3-BF4B-00C04F79EFBC}") = "SVC.Example", "src\Services\SVC\Example\SVC.Example.csproj", "{126F1C7C-861F-440F-A23A-62BADAA6B7FF}"
EndProject
Project("{FAE04EC0-301F-11D3-BF4B-00C04F79EFBC}") = "Web.SPA", "src\Web\Web.SPA\Web.SPA.csproj", "{657F347F-995B-40A5-976D-18A157848BE2}"
EndProject
Global
	GlobalSection(SolutionConfigurationPlatforms) = preSolution
		Debug|Any CPU = Debug|Any CPU
		Debug|x64 = Debug|x64
		Debug|x86 = Debug|x86
		Release|Any CPU = Release|Any CPU
		Release|x64 = Release|x64
		Release|x86 = Release|x86
	EndGlobalSection
	GlobalSection(ProjectConfigurationPlatforms) = postSolution
		{844C464E-51A0-43DC-A5C6-FE152CA4DA6F}.Debug|Any CPU.ActiveCfg = Debug|Any CPU
		{844C464E-51A0-43DC-A5C6-FE152CA4DA6F}.Debug|Any CPU.Build.0 = Debug|Any CPU
		{844C464E-51A0-43DC-A5C6-FE152CA4DA6F}.Debug|x64.ActiveCfg = Debug|Any CPU
		{844C464E-51A0-43DC-A5C6-FE152CA4DA6F}.Debug|x64.Build.0 = Debug|Any CPU
		{844C464E-51A0-43DC-A5C6-FE152CA4DA6F}.Debug|x86.ActiveCfg = Debug|Any CPU
		{844C464E-51A0-43DC-A5C6-FE152CA4DA6F}.Debug|x86.Build.0 = Debug|Any CPU
		{844C464E-51A0-43DC-A5C6-FE152CA4DA6F}.Release|Any CPU.ActiveCfg = Release|Any CPU
		{844C464E-51A0-43DC-A5C6-FE152CA4DA6F}.Release|Any CPU.Build.0 = Release|Any CPU
		{844C464E-51A0-43DC-A5C6-FE152CA4DA6F}.Release|x64.ActiveCfg = Release|Any CPU
		{844C464E-51A0-43DC-A5C6-FE152CA4DA6F}.Release|x64.Build.0 = Release|Any CPU
		{844C464E-51A0-43DC-A5C6-FE152CA4DA6F}.Release|x86.ActiveCfg = Release|Any CPU
		{844C464E-51A0-43DC-A5C6-FE152CA4DA6F}.Release|x86.Build.0 = Release|Any CPU
		{2C6FDF35-4193-4E9B-8A52-B0D4FF8A7F16}.Debug|Any CPU.ActiveCfg = Debug|Any CPU
		{2C6FDF35-4193-4E9B-8A52-B0D4FF8A7F16}.Debug|Any CPU.Build.0 = Debug|Any CPU
		{2C6FDF35-4193-4E9B-8A52-B0D4FF8A7F16}.Debug|x64.ActiveCfg = Debug|Any CPU
		{2C6FDF35-4193-4E9B-8A52-B0D4FF8A7F16}.Debug|x64.Build.0 = Debug|Any CPU
		{2C6FDF35-4193-4E9B-8A52-B0D4FF8A7F16}.Debug|x86.ActiveCfg = Debug|Any CPU
		{2C6FDF35-4193-4E9B-8A52-B0D4FF8A7F16}.Debug|x86.Build.0 = Debug|Any CPU
		{2C6FDF35-4193-4E9B-8A52-B0D4FF8A7F16}.Release|Any CPU.ActiveCfg = Release|Any CPU
		{2C6FDF35-4193-4E9B-8A52-B0D4FF8A7F16}.Release|Any CPU.Build.0 = Release|Any CPU
		{2C6FDF35-4193-4E9B-8A52-B0D4FF8A7F16}.Release|x64.ActiveCfg = Release|Any CPU
		{2C6FDF35-4193-4E9B-8A52-B0D4FF8A7F16}.Release|x64.Build.0 = Release|Any CPU
		{2C6FDF35-4193-4E9B-8A52-B0D4FF8A7F16}.Release|x86.ActiveCfg = Release|Any CPU
		{2C6FDF35-4193-4E9B-8A52-B0D4FF8A7F16}.Release|x86.Build.0 = Release|Any CPU
		{65168E87-F142-491B-BBAD-C244DFA3D862}.Debug|Any CPU.ActiveCfg = Debug|Any CPU
		{65168E87-F142-491B-BBAD-C244DFA3D862}.Debug|Any CPU.Build.0 = Debug|Any CPU
		{65168E87-F142-491B-BBAD-C244DFA3D862}.Debug|x64.ActiveCfg = Debug|Any CPU
		{65168E87-F142-491B-BBAD-C244DFA3D862}.Debug|x64.Build.0 = Debug|Any CPU
		{65168E87-F142-491B-BBAD-C244DFA3D862}.Debug|x86.ActiveCfg = Debug|Any CPU
		{65168E87-F142-491B-BBAD-C244DFA3D862}.Debug|x86.Build.0 = Debug|Any CPU
		{65168E87-F142-491B-BBAD-C244DFA3D862}.Release|Any CPU.ActiveCfg = Release|Any CPU
		{65168E87-F142-491B-BBAD-C244DFA3D862}.Release|Any CPU.Build.0 = Release|Any CPU
		{65168E87-F142-491B-BBAD-C244DFA3D862}.Release|x64.ActiveCfg = Release|Any CPU
		{65168E87-F142-491B-BBAD-C244DFA3D862}.Release|x64.Build.0 = Release|Any CPU
		{65168E87-F142-491B-BBAD-C244DFA3D862}.Release|x86.ActiveCfg = Release|Any CPU
		{65168E87-F142-491B-BBAD-C244DFA3D862}.Release|x86.Build.0 = Release|Any CPU
		{D0F1378F-D31A-446D-B0A1-5C78B83F2A4D}.Debug|Any CPU.ActiveCfg = Debug|Any CPU
		{D0F1378F-D31A-446D-B0A1-5C78B83F2A4D}.Debug|Any CPU.Build.0 = Debug|Any CPU
		{D0F1378F-D31A-446D-B0A1-5C78B83F2A4D}.Debug|x64.ActiveCfg = Debug|Any CPU
		{D0F1378F-D31A-446D-B0A1-5C78B83F2A4D}.Debug|x64.Build.0 = Debug|Any CPU
		{D0F1378F-D31A-446D-B0A1-5C78B83F2A4D}.Debug|x86.ActiveCfg = Debug|Any CPU
		{D0F1378F-D31A-446D-B0A1-5C78B83F2A4D}.Debug|x86.Build.0 = Debug|Any CPU
		{D0F1378F-D31A-446D-B0A1-5C78B83F2A4D}.Release|Any CPU.ActiveCfg = Release|Any CPU
		{D0F1378F-D31A-446D-B0A1-5C78B83F2A4D}.Release|Any CPU.Build.0 = Release|Any CPU
		{D0F1378F-D31A-446D-B0A1-5C78B83F2A4D}.Release|x64.ActiveCfg = Release|Any CPU
		{D0F1378F-D31A-446D-B0A1-5C78B83F2A4D}.Release|x64.Build.0 = Release|Any CPU
		{D0F1378F-D31A-446D-B0A1-5C78B83F2A4D}.Release|x86.ActiveCfg = Release|Any CPU
		{D0F1378F-D31A-446D-B0A1-5C78B83F2A4D}.Release|x86.Build.0 = Release|Any CPU
		{D50A315C-0FA0-436F-91EC-9B99C1591578}.Debug|Any CPU.ActiveCfg = Debug|Any CPU
		{D50A315C-0FA0-436F-91EC-9B99C1591578}.Debug|Any CPU.Build.0 = Debug|Any CPU
		{D50A315C-0FA0-436F-91EC-9B99C1591578}.Debug|x64.ActiveCfg = Debug|Any CPU
		{D50A315C-0FA0-436F-91EC-9B99C1591578}.Debug|x64.Build.0 = Debug|Any CPU
		{D50A315C-0FA0-436F-91EC-9B99C1591578}.Debug|x86.ActiveCfg = Debug|Any CPU
		{D50A315C-0FA0-436F-91EC-9B99C1591578}.Debug|x86.Build.0 = Debug|Any CPU
		{D50A315C-0FA0-436F-91EC-9B99C1591578}.Release|Any CPU.ActiveCfg = Release|Any CPU
		{D50A315C-0FA0-436F-91EC-9B99C1591578}.Release|Any CPU.Build.0 = Release|Any CPU
		{D50A315C-0FA0-436F-91EC-9B99C1591578}.Release|x64.ActiveCfg = Release|Any CPU
		{D50A315C-0FA0-436F-91EC-9B99C1591578}.Release|x64.Build.0 = Release|Any CPU
		{D50A315C-0FA0-436F-91EC-9B99C1591578}.Release|x86.ActiveCfg = Release|Any CPU
		{D50A315C-0FA0-436F-91EC-9B99C1591578}.Release|x86.Build.0 = Release|Any CPU
		{98F95409-8B3F-434B-979F-F3A3C9BF5031}.Debug|Any CPU.ActiveCfg = Debug|Any CPU
		{98F95409-8B3F-434B-979F-F3A3C9BF5031}.Debug|Any CPU.Build.0 = Debug|Any CPU
		{98F95409-8B3F-434B-979F-F3A3C9BF5031}.Debug|x64.ActiveCfg = Debug|Any CPU
		{98F95409-8B3F-434B-979F-F3A3C9BF5031}.Debug|x64.Build.0 = Debug|Any CPU
		{98F95409-8B3F-434B-979F-F3A3C9BF5031}.Debug|x86.ActiveCfg = Debug|Any CPU
		{98F95409-8B3F-434B-979F-F3A3C9BF5031}.Debug|x86.Build.0 = Debug|Any CPU
		{98F95409-8B3F-434B-979F-F3A3C9BF5031}.Release|Any CPU.ActiveCfg = Release|Any CPU
		{98F95409-8B3F-434B-979F-F3A3C9BF5031}.Release|Any CPU.Build.0 = Release|Any CPU
		{98F95409-8B3F-434B-979F-F3A3C9BF5031}.Release|x64.ActiveCfg = Release|Any CPU
		{98F95409-8B3F-434B-979F-F3A3C9BF5031}.Release|x64.Build.0 = Release|Any CPU
		{98F95409-8B3F-434B-979F-F3A3C9BF5031}.Release|x86.ActiveCfg = Release|Any CPU
		{98F95409-8B3F-434B-979F-F3A3C9BF5031}.Release|x86.Build.0 = Release|Any CPU
		{34E0237A-D768-4968-A418-F7A5B73A1662}.Debug|Any CPU.ActiveCfg = Debug|Any CPU
		{34E0237A-D768-4968-A418-F7A5B73A1662}.Debug|Any CPU.Build.0 = Debug|Any CPU
		{34E0237A-D768-4968-A418-F7A5B73A1662}.Debug|x64.ActiveCfg = Debug|Any CPU
		{34E0237A-D768-4968-A418-F7A5B73A1662}.Debug|x64.Build.0 = Debug|Any CPU
		{34E0237A-D768-4968-A418-F7A5B73A1662}.Debug|x86.ActiveCfg = Debug|Any CPU
		{34E0237A-D768-4968-A418-F7A5B73A1662}.Debug|x86.Build.0 = Debug|Any CPU
		{34E0237A-D768-4968-A418-F7A5B73A1662}.Release|Any CPU.ActiveCfg = Release|Any CPU
		{34E0237A-D768-4968-A418-F7A5B73A1662}.Release|Any CPU.Build.0 = Release|Any CPU
		{34E0237A-D768-4968-A418-F7A5B73A1662}.Release|x64.ActiveCfg = Release|Any CPU
		{34E0237A-D768-4968-A418-F7A5B73A1662}.Release|x64.Build.0 = Release|Any CPU
		{34E0237A-D768-4968-A418-F7A5B73A1662}.Release|x86.ActiveCfg = Release|Any CPU
		{34E0237A-D768-4968-A418-F7A5B73A1662}.Release|x86.Build.0 = Release|Any CPU
		{FF18B7D8-300F-4566-A956-215BD1867BEC}.Debug|Any CPU.ActiveCfg = Debug|Any CPU
		{FF18B7D8-300F-4566-A956-215BD1867BEC}.Debug|Any CPU.Build.0 = Debug|Any CPU
		{FF18B7D8-300F-4566-A956-215BD1867BEC}.Debug|x64.ActiveCfg = Debug|Any CPU
		{FF18B7D8-300F-4566-A956-215BD1867BEC}.Debug|x64.Build.0 = Debug|Any CPU
		{FF18B7D8-300F-4566-A956-215BD1867BEC}.Debug|x86.ActiveCfg = Debug|Any CPU
		{FF18B7D8-300F-4566-A956-215BD1867BEC}.Debug|x86.Build.0 = Debug|Any CPU
		{FF18B7D8-300F-4566-A956-215BD1867BEC}.Release|Any CPU.ActiveCfg = Release|Any CPU
		{FF18B7D8-300F-4566-A956-215BD1867BEC}.Release|Any CPU.Build.0 = Release|Any CPU
		{FF18B7D8-300F-4566-A956-215BD1867BEC}.Release|x64.ActiveCfg = Release|Any CPU
		{FF18B7D8-300F-4566-A956-215BD1867BEC}.Release|x64.Build.0 = Release|Any CPU
		{FF18B7D8-300F-4566-A956-215BD1867BEC}.Release|x86.ActiveCfg = Release|Any CPU
		{FF18B7D8-300F-4566-A956-215BD1867BEC}.Release|x86.Build.0 = Release|Any CPU
		{851E61EF-BB1C-4C6C-95B9-0D6D74720DB2}.Debug|Any CPU.ActiveCfg = Debug|Any CPU
		{851E61EF-BB1C-4C6C-95B9-0D6D74720DB2}.Debug|Any CPU.Build.0 = Debug|Any CPU
		{851E61EF-BB1C-4C6C-95B9-0D6D74720DB2}.Debug|x64.ActiveCfg = Debug|Any CPU
		{851E61EF-BB1C-4C6C-95B9-0D6D74720DB2}.Debug|x64.Build.0 = Debug|Any CPU
		{851E61EF-BB1C-4C6C-95B9-0D6D74720DB2}.Debug|x86.ActiveCfg = Debug|Any CPU
		{851E61EF-BB1C-4C6C-95B9-0D6D74720DB2}.Debug|x86.Build.0 = Debug|Any CPU
		{851E61EF-BB1C-4C6C-95B9-0D6D74720DB2}.Release|Any CPU.ActiveCfg = Release|Any CPU
		{851E61EF-BB1C-4C6C-95B9-0D6D74720DB2}.Release|Any CPU.Build.0 = Release|Any CPU
		{851E61EF-BB1C-4C6C-95B9-0D6D74720DB2}.Release|x64.ActiveCfg = Release|Any CPU
		{851E61EF-BB1C-4C6C-95B9-0D6D74720DB2}.Release|x64.Build.0 = Release|Any CPU
		{851E61EF-BB1C-4C6C-95B9-0D6D74720DB2}.Release|x86.ActiveCfg = Release|Any CPU
		{851E61EF-BB1C-4C6C-95B9-0D6D74720DB2}.Release|x86.Build.0 = Release|Any CPU
		{DFDB2E63-FA03-48E7-8D92-D63469E13BBB}.Debug|Any CPU.ActiveCfg = Debug|Any CPU
		{DFDB2E63-FA03-48E7-8D92-D63469E13BBB}.Debug|Any CPU.Build.0 = Debug|Any CPU
		{DFDB2E63-FA03-48E7-8D92-D63469E13BBB}.Debug|x64.ActiveCfg = Debug|Any CPU
		{DFDB2E63-FA03-48E7-8D92-D63469E13BBB}.Debug|x64.Build.0 = Debug|Any CPU
		{DFDB2E63-FA03-48E7-8D92-D63469E13BBB}.Debug|x86.ActiveCfg = Debug|Any CPU
		{DFDB2E63-FA03-48E7-8D92-D63469E13BBB}.Debug|x86.Build.0 = Debug|Any CPU
		{DFDB2E63-FA03-48E7-8D92-D63469E13BBB}.Release|Any CPU.ActiveCfg = Release|Any CPU
		{DFDB2E63-FA03-48E7-8D92-D63469E13BBB}.Release|Any CPU.Build.0 = Release|Any CPU
		{DFDB2E63-FA03-48E7-8D92-D63469E13BBB}.Release|x64.ActiveCfg = Release|Any CPU
		{DFDB2E63-FA03-48E7-8D92-D63469E13BBB}.Release|x64.Build.0 = Release|Any CPU
		{DFDB2E63-FA03-48E7-8D92-D63469E13BBB}.Release|x86.ActiveCfg = Release|Any CPU
		{DFDB2E63-FA03-48E7-8D92-D63469E13BBB}.Release|x86.Build.0 = Release|Any CPU
		{D77F01C4-4F6F-4E32-A05F-6D5FBD75180E}.Debug|Any CPU.ActiveCfg = Debug|Any CPU
		{D77F01C4-4F6F-4E32-A05F-6D5FBD75180E}.Debug|Any CPU.Build.0 = Debug|Any CPU
		{D77F01C4-4F6F-4E32-A05F-6D5FBD75180E}.Debug|x64.ActiveCfg = Debug|Any CPU
		{D77F01C4-4F6F-4E32-A05F-6D5FBD75180E}.Debug|x64.Build.0 = Debug|Any CPU
		{D77F01C4-4F6F-4E32-A05F-6D5FBD75180E}.Debug|x86.ActiveCfg = Debug|Any CPU
		{D77F01C4-4F6F-4E32-A05F-6D5FBD75180E}.Debug|x86.Build.0 = Debug|Any CPU
		{D77F01C4-4F6F-4E32-A05F-6D5FBD75180E}.Release|Any CPU.ActiveCfg = Release|Any CPU
		{D77F01C4-4F6F-4E32-A05F-6D5FBD75180E}.Release|Any CPU.Build.0 = Release|Any CPU
		{D77F01C4-4F6F-4E32-A05F-6D5FBD75180E}.Release|x64.ActiveCfg = Release|Any CPU
		{D77F01C4-4F6F-4E32-A05F-6D5FBD75180E}.Release|x64.Build.0 = Release|Any CPU
		{D77F01C4-4F6F-4E32-A05F-6D5FBD75180E}.Release|x86.ActiveCfg = Release|Any CPU
		{D77F01C4-4F6F-4E32-A05F-6D5FBD75180E}.Release|x86.Build.0 = Release|Any CPU
		{17CEC59D-A113-4800-B109-A9535BE3E8AF}.Debug|Any CPU.ActiveCfg = Debug|Any CPU
		{17CEC59D-A113-4800-B109-A9535BE3E8AF}.Debug|Any CPU.Build.0 = Debug|Any CPU
		{17CEC59D-A113-4800-B109-A9535BE3E8AF}.Debug|x64.ActiveCfg = Debug|Any CPU
		{17CEC59D-A113-4800-B109-A9535BE3E8AF}.Debug|x64.Build.0 = Debug|Any CPU
		{17CEC59D-A113-4800-B109-A9535BE3E8AF}.Debug|x86.ActiveCfg = Debug|Any CPU
		{17CEC59D-A113-4800-B109-A9535BE3E8AF}.Debug|x86.Build.0 = Debug|Any CPU
		{17CEC59D-A113-4800-B109-A9535BE3E8AF}.Release|Any CPU.ActiveCfg = Release|Any CPU
		{17CEC59D-A113-4800-B109-A9535BE3E8AF}.Release|Any CPU.Build.0 = Release|Any CPU
		{17CEC59D-A113-4800-B109-A9535BE3E8AF}.Release|x64.ActiveCfg = Release|Any CPU
		{17CEC59D-A113-4800-B109-A9535BE3E8AF}.Release|x64.Build.0 = Release|Any CPU
		{17CEC59D-A113-4800-B109-A9535BE3E8AF}.Release|x86.ActiveCfg = Release|Any CPU
		{17CEC59D-A113-4800-B109-A9535BE3E8AF}.Release|x86.Build.0 = Release|Any CPU
		{CBEA0560-BDF2-4396-B86D-6C9F4D689984}.Debug|Any CPU.ActiveCfg = Debug|Any CPU
		{CBEA0560-BDF2-4396-B86D-6C9F4D689984}.Debug|Any CPU.Build.0 = Debug|Any CPU
		{CBEA0560-BDF2-4396-B86D-6C9F4D689984}.Debug|x64.ActiveCfg = Debug|Any CPU
		{CBEA0560-BDF2-4396-B86D-6C9F4D689984}.Debug|x64.Build.0 = Debug|Any CPU
		{CBEA0560-BDF2-4396-B86D-6C9F4D689984}.Debug|x86.ActiveCfg = Debug|Any CPU
		{CBEA0560-BDF2-4396-B86D-6C9F4D689984}.Debug|x86.Build.0 = Debug|Any CPU
		{CBEA0560-BDF2-4396-B86D-6C9F4D689984}.Release|Any CPU.ActiveCfg = Release|Any CPU
		{CBEA0560-BDF2-4396-B86D-6C9F4D689984}.Release|Any CPU.Build.0 = Release|Any CPU
		{CBEA0560-BDF2-4396-B86D-6C9F4D689984}.Release|x64.ActiveCfg = Release|Any CPU
		{CBEA0560-BDF2-4396-B86D-6C9F4D689984}.Release|x64.Build.0 = Release|Any CPU
		{CBEA0560-BDF2-4396-B86D-6C9F4D689984}.Release|x86.ActiveCfg = Release|Any CPU
		{CBEA0560-BDF2-4396-B86D-6C9F4D689984}.Release|x86.Build.0 = Release|Any CPU
		{307291E2-4ABB-4009-A691-DA3BF3519DB2}.Debug|Any CPU.ActiveCfg = Debug|Any CPU
		{307291E2-4ABB-4009-A691-DA3BF3519DB2}.Debug|Any CPU.Build.0 = Debug|Any CPU
		{307291E2-4ABB-4009-A691-DA3BF3519DB2}.Debug|x64.ActiveCfg = Debug|Any CPU
		{307291E2-4ABB-4009-A691-DA3BF3519DB2}.Debug|x64.Build.0 = Debug|Any CPU
		{307291E2-4ABB-4009-A691-DA3BF3519DB2}.Debug|x86.ActiveCfg = Debug|Any CPU
		{307291E2-4ABB-4009-A691-DA3BF3519DB2}.Debug|x86.Build.0 = Debug|Any CPU
		{307291E2-4ABB-4009-A691-DA3BF3519DB2}.Release|Any CPU.ActiveCfg = Release|Any CPU
		{307291E2-4ABB-4009-A691-DA3BF3519DB2}.Release|Any CPU.Build.0 = Release|Any CPU
		{307291E2-4ABB-4009-A691-DA3BF3519DB2}.Release|x64.ActiveCfg = Release|Any CPU
		{307291E2-4ABB-4009-A691-DA3BF3519DB2}.Release|x64.Build.0 = Release|Any CPU
		{307291E2-4ABB-4009-A691-DA3BF3519DB2}.Release|x86.ActiveCfg = Release|Any CPU
		{307291E2-4ABB-4009-A691-DA3BF3519DB2}.Release|x86.Build.0 = Release|Any CPU
		{E5570871-B434-487B-A26A-492DDE2531CA}.Debug|Any CPU.ActiveCfg = Debug|Any CPU
		{E5570871-B434-487B-A26A-492DDE2531CA}.Debug|Any CPU.Build.0 = Debug|Any CPU
		{E5570871-B434-487B-A26A-492DDE2531CA}.Debug|x64.ActiveCfg = Debug|Any CPU
		{E5570871-B434-487B-A26A-492DDE2531CA}.Debug|x64.Build.0 = Debug|Any CPU
		{E5570871-B434-487B-A26A-492DDE2531CA}.Debug|x86.ActiveCfg = Debug|Any CPU
		{E5570871-B434-487B-A26A-492DDE2531CA}.Debug|x86.Build.0 = Debug|Any CPU
		{E5570871-B434-487B-A26A-492DDE2531CA}.Release|Any CPU.ActiveCfg = Release|Any CPU
		{E5570871-B434-487B-A26A-492DDE2531CA}.Release|Any CPU.Build.0 = Release|Any CPU
		{E5570871-B434-487B-A26A-492DDE2531CA}.Release|x64.ActiveCfg = Release|Any CPU
		{E5570871-B434-487B-A26A-492DDE2531CA}.Release|x64.Build.0 = Release|Any CPU
		{E5570871-B434-487B-A26A-492DDE2531CA}.Release|x86.ActiveCfg = Release|Any CPU
		{E5570871-B434-487B-A26A-492DDE2531CA}.Release|x86.Build.0 = Release|Any CPU
		{4D783806-0CDF-4295-BAB2-812F8489FB50}.Debug|Any CPU.ActiveCfg = Debug|Any CPU
		{4D783806-0CDF-4295-BAB2-812F8489FB50}.Debug|Any CPU.Build.0 = Debug|Any CPU
		{4D783806-0CDF-4295-BAB2-812F8489FB50}.Debug|x64.ActiveCfg = Debug|Any CPU
		{4D783806-0CDF-4295-BAB2-812F8489FB50}.Debug|x64.Build.0 = Debug|Any CPU
		{4D783806-0CDF-4295-BAB2-812F8489FB50}.Debug|x86.ActiveCfg = Debug|Any CPU
		{4D783806-0CDF-4295-BAB2-812F8489FB50}.Debug|x86.Build.0 = Debug|Any CPU
		{4D783806-0CDF-4295-BAB2-812F8489FB50}.Release|Any CPU.ActiveCfg = Release|Any CPU
		{4D783806-0CDF-4295-BAB2-812F8489FB50}.Release|Any CPU.Build.0 = Release|Any CPU
		{4D783806-0CDF-4295-BAB2-812F8489FB50}.Release|x64.ActiveCfg = Release|Any CPU
		{4D783806-0CDF-4295-BAB2-812F8489FB50}.Release|x64.Build.0 = Release|Any CPU
		{4D783806-0CDF-4295-BAB2-812F8489FB50}.Release|x86.ActiveCfg = Release|Any CPU
		{4D783806-0CDF-4295-BAB2-812F8489FB50}.Release|x86.Build.0 = Release|Any CPU
		{6574520D-D2D5-4059-BC6D-774816DAFF3E}.Debug|Any CPU.ActiveCfg = Debug|Any CPU
		{6574520D-D2D5-4059-BC6D-774816DAFF3E}.Debug|Any CPU.Build.0 = Debug|Any CPU
		{6574520D-D2D5-4059-BC6D-774816DAFF3E}.Debug|x64.ActiveCfg = Debug|Any CPU
		{6574520D-D2D5-4059-BC6D-774816DAFF3E}.Debug|x64.Build.0 = Debug|Any CPU
		{6574520D-D2D5-4059-BC6D-774816DAFF3E}.Debug|x86.ActiveCfg = Debug|Any CPU
		{6574520D-D2D5-4059-BC6D-774816DAFF3E}.Debug|x86.Build.0 = Debug|Any CPU
		{6574520D-D2D5-4059-BC6D-774816DAFF3E}.Release|Any CPU.ActiveCfg = Release|Any CPU
		{6574520D-D2D5-4059-BC6D-774816DAFF3E}.Release|Any CPU.Build.0 = Release|Any CPU
		{6574520D-D2D5-4059-BC6D-774816DAFF3E}.Release|x64.ActiveCfg = Release|Any CPU
		{6574520D-D2D5-4059-BC6D-774816DAFF3E}.Release|x64.Build.0 = Release|Any CPU
		{6574520D-D2D5-4059-BC6D-774816DAFF3E}.Release|x86.ActiveCfg = Release|Any CPU
		{6574520D-D2D5-4059-BC6D-774816DAFF3E}.Release|x86.Build.0 = Release|Any CPU
		{6A315E90-91FE-46F8-8FFC-825884F7DAD2}.Debug|Any CPU.ActiveCfg = Debug|Any CPU
		{6A315E90-91FE-46F8-8FFC-825884F7DAD2}.Debug|Any CPU.Build.0 = Debug|Any CPU
		{6A315E90-91FE-46F8-8FFC-825884F7DAD2}.Debug|x64.ActiveCfg = Debug|Any CPU
		{6A315E90-91FE-46F8-8FFC-825884F7DAD2}.Debug|x64.Build.0 = Debug|Any CPU
		{6A315E90-91FE-46F8-8FFC-825884F7DAD2}.Debug|x86.ActiveCfg = Debug|Any CPU
		{6A315E90-91FE-46F8-8FFC-825884F7DAD2}.Debug|x86.Build.0 = Debug|Any CPU
		{6A315E90-91FE-46F8-8FFC-825884F7DAD2}.Release|Any CPU.ActiveCfg = Release|Any CPU
		{6A315E90-91FE-46F8-8FFC-825884F7DAD2}.Release|Any CPU.Build.0 = Release|Any CPU
		{6A315E90-91FE-46F8-8FFC-825884F7DAD2}.Release|x64.ActiveCfg = Release|Any CPU
		{6A315E90-91FE-46F8-8FFC-825884F7DAD2}.Release|x64.Build.0 = Release|Any CPU
		{6A315E90-91FE-46F8-8FFC-825884F7DAD2}.Release|x86.ActiveCfg = Release|Any CPU
		{6A315E90-91FE-46F8-8FFC-825884F7DAD2}.Release|x86.Build.0 = Release|Any CPU
		{C73D3914-0F80-481F-AE95-B7E70297CE6D}.Debug|Any CPU.ActiveCfg = Debug|Any CPU
		{C73D3914-0F80-481F-AE95-B7E70297CE6D}.Debug|Any CPU.Build.0 = Debug|Any CPU
		{C73D3914-0F80-481F-AE95-B7E70297CE6D}.Debug|x64.ActiveCfg = Debug|Any CPU
		{C73D3914-0F80-481F-AE95-B7E70297CE6D}.Debug|x64.Build.0 = Debug|Any CPU
		{C73D3914-0F80-481F-AE95-B7E70297CE6D}.Debug|x86.ActiveCfg = Debug|Any CPU
		{C73D3914-0F80-481F-AE95-B7E70297CE6D}.Debug|x86.Build.0 = Debug|Any CPU
		{C73D3914-0F80-481F-AE95-B7E70297CE6D}.Release|Any CPU.ActiveCfg = Release|Any CPU
		{C73D3914-0F80-481F-AE95-B7E70297CE6D}.Release|Any CPU.Build.0 = Release|Any CPU
		{C73D3914-0F80-481F-AE95-B7E70297CE6D}.Release|x64.ActiveCfg = Release|Any CPU
		{C73D3914-0F80-481F-AE95-B7E70297CE6D}.Release|x64.Build.0 = Release|Any CPU
		{C73D3914-0F80-481F-AE95-B7E70297CE6D}.Release|x86.ActiveCfg = Release|Any CPU
		{C73D3914-0F80-481F-AE95-B7E70297CE6D}.Release|x86.Build.0 = Release|Any CPU
		{F4B38637-524C-4111-A027-B311C6B15FFB}.Debug|Any CPU.ActiveCfg = Debug|Any CPU
		{F4B38637-524C-4111-A027-B311C6B15FFB}.Debug|Any CPU.Build.0 = Debug|Any CPU
		{F4B38637-524C-4111-A027-B311C6B15FFB}.Debug|x64.ActiveCfg = Debug|Any CPU
		{F4B38637-524C-4111-A027-B311C6B15FFB}.Debug|x64.Build.0 = Debug|Any CPU
		{F4B38637-524C-4111-A027-B311C6B15FFB}.Debug|x86.ActiveCfg = Debug|Any CPU
		{F4B38637-524C-4111-A027-B311C6B15FFB}.Debug|x86.Build.0 = Debug|Any CPU
		{F4B38637-524C-4111-A027-B311C6B15FFB}.Release|Any CPU.ActiveCfg = Release|Any CPU
		{F4B38637-524C-4111-A027-B311C6B15FFB}.Release|Any CPU.Build.0 = Release|Any CPU
		{F4B38637-524C-4111-A027-B311C6B15FFB}.Release|x64.ActiveCfg = Release|Any CPU
		{F4B38637-524C-4111-A027-B311C6B15FFB}.Release|x64.Build.0 = Release|Any CPU
		{F4B38637-524C-4111-A027-B311C6B15FFB}.Release|x86.ActiveCfg = Release|Any CPU
		{F4B38637-524C-4111-A027-B311C6B15FFB}.Release|x86.Build.0 = Release|Any CPU
		{EEE3EF6D-26DA-401A-B04C-EF0701313E39}.Debug|Any CPU.ActiveCfg = Debug|Any CPU
		{EEE3EF6D-26DA-401A-B04C-EF0701313E39}.Debug|Any CPU.Build.0 = Debug|Any CPU
		{EEE3EF6D-26DA-401A-B04C-EF0701313E39}.Debug|x64.ActiveCfg = Debug|Any CPU
		{EEE3EF6D-26DA-401A-B04C-EF0701313E39}.Debug|x64.Build.0 = Debug|Any CPU
		{EEE3EF6D-26DA-401A-B04C-EF0701313E39}.Debug|x86.ActiveCfg = Debug|Any CPU
		{EEE3EF6D-26DA-401A-B04C-EF0701313E39}.Debug|x86.Build.0 = Debug|Any CPU
		{EEE3EF6D-26DA-401A-B04C-EF0701313E39}.Release|Any CPU.ActiveCfg = Release|Any CPU
		{EEE3EF6D-26DA-401A-B04C-EF0701313E39}.Release|Any CPU.Build.0 = Release|Any CPU
		{EEE3EF6D-26DA-401A-B04C-EF0701313E39}.Release|x64.ActiveCfg = Release|Any CPU
		{EEE3EF6D-26DA-401A-B04C-EF0701313E39}.Release|x64.Build.0 = Release|Any CPU
		{EEE3EF6D-26DA-401A-B04C-EF0701313E39}.Release|x86.ActiveCfg = Release|Any CPU
		{EEE3EF6D-26DA-401A-B04C-EF0701313E39}.Release|x86.Build.0 = Release|Any CPU
		{B7A0226E-D448-48A7-B8CB-89C2B1EED620}.Debug|Any CPU.ActiveCfg = Debug|Any CPU
		{B7A0226E-D448-48A7-B8CB-89C2B1EED620}.Debug|Any CPU.Build.0 = Debug|Any CPU
		{B7A0226E-D448-48A7-B8CB-89C2B1EED620}.Debug|x64.ActiveCfg = Debug|Any CPU
		{B7A0226E-D448-48A7-B8CB-89C2B1EED620}.Debug|x64.Build.0 = Debug|Any CPU
		{B7A0226E-D448-48A7-B8CB-89C2B1EED620}.Debug|x86.ActiveCfg = Debug|Any CPU
		{B7A0226E-D448-48A7-B8CB-89C2B1EED620}.Debug|x86.Build.0 = Debug|Any CPU
		{B7A0226E-D448-48A7-B8CB-89C2B1EED620}.Release|Any CPU.ActiveCfg = Release|Any CPU
		{B7A0226E-D448-48A7-B8CB-89C2B1EED620}.Release|Any CPU.Build.0 = Release|Any CPU
		{B7A0226E-D448-48A7-B8CB-89C2B1EED620}.Release|x64.ActiveCfg = Release|Any CPU
		{B7A0226E-D448-48A7-B8CB-89C2B1EED620}.Release|x64.Build.0 = Release|Any CPU
		{B7A0226E-D448-48A7-B8CB-89C2B1EED620}.Release|x86.ActiveCfg = Release|Any CPU
		{B7A0226E-D448-48A7-B8CB-89C2B1EED620}.Release|x86.Build.0 = Release|Any CPU
		{52350DAB-A49A-4641-908E-58B133A35606}.Debug|Any CPU.ActiveCfg = Debug|Any CPU
		{52350DAB-A49A-4641-908E-58B133A35606}.Debug|Any CPU.Build.0 = Debug|Any CPU
		{52350DAB-A49A-4641-908E-58B133A35606}.Debug|x64.ActiveCfg = Debug|Any CPU
		{52350DAB-A49A-4641-908E-58B133A35606}.Debug|x64.Build.0 = Debug|Any CPU
		{52350DAB-A49A-4641-908E-58B133A35606}.Debug|x86.ActiveCfg = Debug|Any CPU
		{52350DAB-A49A-4641-908E-58B133A35606}.Debug|x86.Build.0 = Debug|Any CPU
		{52350DAB-A49A-4641-908E-58B133A35606}.Release|Any CPU.ActiveCfg = Release|Any CPU
		{52350DAB-A49A-4641-908E-58B133A35606}.Release|Any CPU.Build.0 = Release|Any CPU
		{52350DAB-A49A-4641-908E-58B133A35606}.Release|x64.ActiveCfg = Release|Any CPU
		{52350DAB-A49A-4641-908E-58B133A35606}.Release|x64.Build.0 = Release|Any CPU
		{52350DAB-A49A-4641-908E-58B133A35606}.Release|x86.ActiveCfg = Release|Any CPU
		{52350DAB-A49A-4641-908E-58B133A35606}.Release|x86.Build.0 = Release|Any CPU
		{D6F6A97A-DE1F-4E4B-9A71-1358B52CCDB3}.Debug|Any CPU.ActiveCfg = Debug|Any CPU
		{D6F6A97A-DE1F-4E4B-9A71-1358B52CCDB3}.Debug|Any CPU.Build.0 = Debug|Any CPU
		{D6F6A97A-DE1F-4E4B-9A71-1358B52CCDB3}.Debug|x64.ActiveCfg = Debug|Any CPU
		{D6F6A97A-DE1F-4E4B-9A71-1358B52CCDB3}.Debug|x64.Build.0 = Debug|Any CPU
		{D6F6A97A-DE1F-4E4B-9A71-1358B52CCDB3}.Debug|x86.ActiveCfg = Debug|Any CPU
		{D6F6A97A-DE1F-4E4B-9A71-1358B52CCDB3}.Debug|x86.Build.0 = Debug|Any CPU
		{D6F6A97A-DE1F-4E4B-9A71-1358B52CCDB3}.Release|Any CPU.ActiveCfg = Release|Any CPU
		{D6F6A97A-DE1F-4E4B-9A71-1358B52CCDB3}.Release|Any CPU.Build.0 = Release|Any CPU
		{D6F6A97A-DE1F-4E4B-9A71-1358B52CCDB3}.Release|x64.ActiveCfg = Release|Any CPU
		{D6F6A97A-DE1F-4E4B-9A71-1358B52CCDB3}.Release|x64.Build.0 = Release|Any CPU
		{D6F6A97A-DE1F-4E4B-9A71-1358B52CCDB3}.Release|x86.ActiveCfg = Release|Any CPU
		{D6F6A97A-DE1F-4E4B-9A71-1358B52CCDB3}.Release|x86.Build.0 = Release|Any CPU
		{BB4EB43A-F5C8-4F0B-B634-4D50415F4858}.Debug|Any CPU.ActiveCfg = Debug|Any CPU
		{BB4EB43A-F5C8-4F0B-B634-4D50415F4858}.Debug|Any CPU.Build.0 = Debug|Any CPU
		{BB4EB43A-F5C8-4F0B-B634-4D50415F4858}.Debug|x64.ActiveCfg = Debug|Any CPU
		{BB4EB43A-F5C8-4F0B-B634-4D50415F4858}.Debug|x64.Build.0 = Debug|Any CPU
		{BB4EB43A-F5C8-4F0B-B634-4D50415F4858}.Debug|x86.ActiveCfg = Debug|Any CPU
		{BB4EB43A-F5C8-4F0B-B634-4D50415F4858}.Debug|x86.Build.0 = Debug|Any CPU
		{BB4EB43A-F5C8-4F0B-B634-4D50415F4858}.Release|Any CPU.ActiveCfg = Release|Any CPU
		{BB4EB43A-F5C8-4F0B-B634-4D50415F4858}.Release|Any CPU.Build.0 = Release|Any CPU
		{BB4EB43A-F5C8-4F0B-B634-4D50415F4858}.Release|x64.ActiveCfg = Release|Any CPU
		{BB4EB43A-F5C8-4F0B-B634-4D50415F4858}.Release|x64.Build.0 = Release|Any CPU
		{BB4EB43A-F5C8-4F0B-B634-4D50415F4858}.Release|x86.ActiveCfg = Release|Any CPU
		{BB4EB43A-F5C8-4F0B-B634-4D50415F4858}.Release|x86.Build.0 = Release|Any CPU
		{A71E0F11-7BB0-43D3-BF6A-90E82263D333}.Debug|Any CPU.ActiveCfg = Debug|Any CPU
		{A71E0F11-7BB0-43D3-BF6A-90E82263D333}.Debug|Any CPU.Build.0 = Debug|Any CPU
		{A71E0F11-7BB0-43D3-BF6A-90E82263D333}.Debug|x64.ActiveCfg = Debug|Any CPU
		{A71E0F11-7BB0-43D3-BF6A-90E82263D333}.Debug|x64.Build.0 = Debug|Any CPU
		{A71E0F11-7BB0-43D3-BF6A-90E82263D333}.Debug|x86.ActiveCfg = Debug|Any CPU
		{A71E0F11-7BB0-43D3-BF6A-90E82263D333}.Debug|x86.Build.0 = Debug|Any CPU
		{A71E0F11-7BB0-43D3-BF6A-90E82263D333}.Release|Any CPU.ActiveCfg = Release|Any CPU
		{A71E0F11-7BB0-43D3-BF6A-90E82263D333}.Release|Any CPU.Build.0 = Release|Any CPU
		{A71E0F11-7BB0-43D3-BF6A-90E82263D333}.Release|x64.ActiveCfg = Release|Any CPU
		{A71E0F11-7BB0-43D3-BF6A-90E82263D333}.Release|x64.Build.0 = Release|Any CPU
		{A71E0F11-7BB0-43D3-BF6A-90E82263D333}.Release|x86.ActiveCfg = Release|Any CPU
		{A71E0F11-7BB0-43D3-BF6A-90E82263D333}.Release|x86.Build.0 = Release|Any CPU
		{CC40DA27-294E-4C9B-B356-C2CD0D0AB204}.Debug|Any CPU.ActiveCfg = Debug|Any CPU
		{CC40DA27-294E-4C9B-B356-C2CD0D0AB204}.Debug|Any CPU.Build.0 = Debug|Any CPU
		{CC40DA27-294E-4C9B-B356-C2CD0D0AB204}.Debug|x64.ActiveCfg = Debug|Any CPU
		{CC40DA27-294E-4C9B-B356-C2CD0D0AB204}.Debug|x64.Build.0 = Debug|Any CPU
		{CC40DA27-294E-4C9B-B356-C2CD0D0AB204}.Debug|x86.ActiveCfg = Debug|Any CPU
		{CC40DA27-294E-4C9B-B356-C2CD0D0AB204}.Debug|x86.Build.0 = Debug|Any CPU
		{CC40DA27-294E-4C9B-B356-C2CD0D0AB204}.Release|Any CPU.ActiveCfg = Release|Any CPU
		{CC40DA27-294E-4C9B-B356-C2CD0D0AB204}.Release|Any CPU.Build.0 = Release|Any CPU
		{CC40DA27-294E-4C9B-B356-C2CD0D0AB204}.Release|x64.ActiveCfg = Release|Any CPU
		{CC40DA27-294E-4C9B-B356-C2CD0D0AB204}.Release|x64.Build.0 = Release|Any CPU
		{CC40DA27-294E-4C9B-B356-C2CD0D0AB204}.Release|x86.ActiveCfg = Release|Any CPU
		{CC40DA27-294E-4C9B-B356-C2CD0D0AB204}.Release|x86.Build.0 = Release|Any CPU
		{9216FD3F-6065-4951-841E-2C0C988965FC}.Debug|Any CPU.ActiveCfg = Debug|Any CPU
		{9216FD3F-6065-4951-841E-2C0C988965FC}.Debug|Any CPU.Build.0 = Debug|Any CPU
		{9216FD3F-6065-4951-841E-2C0C988965FC}.Debug|x64.ActiveCfg = Debug|Any CPU
		{9216FD3F-6065-4951-841E-2C0C988965FC}.Debug|x64.Build.0 = Debug|Any CPU
		{9216FD3F-6065-4951-841E-2C0C988965FC}.Debug|x86.ActiveCfg = Debug|Any CPU
		{9216FD3F-6065-4951-841E-2C0C988965FC}.Debug|x86.Build.0 = Debug|Any CPU
		{9216FD3F-6065-4951-841E-2C0C988965FC}.Release|Any CPU.ActiveCfg = Release|Any CPU
		{9216FD3F-6065-4951-841E-2C0C988965FC}.Release|Any CPU.Build.0 = Release|Any CPU
		{9216FD3F-6065-4951-841E-2C0C988965FC}.Release|x64.ActiveCfg = Release|Any CPU
		{9216FD3F-6065-4951-841E-2C0C988965FC}.Release|x64.Build.0 = Release|Any CPU
		{9216FD3F-6065-4951-841E-2C0C988965FC}.Release|x86.ActiveCfg = Release|Any CPU
		{9216FD3F-6065-4951-841E-2C0C988965FC}.Release|x86.Build.0 = Release|Any CPU
		{BB3F45D5-EBB1-49C5-8C21-11831BE912AA}.Debug|Any CPU.ActiveCfg = Debug|Any CPU
		{BB3F45D5-EBB1-49C5-8C21-11831BE912AA}.Debug|Any CPU.Build.0 = Debug|Any CPU
		{BB3F45D5-EBB1-49C5-8C21-11831BE912AA}.Debug|x64.ActiveCfg = Debug|Any CPU
		{BB3F45D5-EBB1-49C5-8C21-11831BE912AA}.Debug|x64.Build.0 = Debug|Any CPU
		{BB3F45D5-EBB1-49C5-8C21-11831BE912AA}.Debug|x86.ActiveCfg = Debug|Any CPU
		{BB3F45D5-EBB1-49C5-8C21-11831BE912AA}.Debug|x86.Build.0 = Debug|Any CPU
		{BB3F45D5-EBB1-49C5-8C21-11831BE912AA}.Release|Any CPU.ActiveCfg = Release|Any CPU
		{BB3F45D5-EBB1-49C5-8C21-11831BE912AA}.Release|Any CPU.Build.0 = Release|Any CPU
		{BB3F45D5-EBB1-49C5-8C21-11831BE912AA}.Release|x64.ActiveCfg = Release|Any CPU
		{BB3F45D5-EBB1-49C5-8C21-11831BE912AA}.Release|x64.Build.0 = Release|Any CPU
		{BB3F45D5-EBB1-49C5-8C21-11831BE912AA}.Release|x86.ActiveCfg = Release|Any CPU
		{BB3F45D5-EBB1-49C5-8C21-11831BE912AA}.Release|x86.Build.0 = Release|Any CPU
		{126F1C7C-861F-440F-A23A-62BADAA6B7FF}.Debug|Any CPU.ActiveCfg = Debug|Any CPU
		{126F1C7C-861F-440F-A23A-62BADAA6B7FF}.Debug|Any CPU.Build.0 = Debug|Any CPU
		{126F1C7C-861F-440F-A23A-62BADAA6B7FF}.Debug|x64.ActiveCfg = Debug|Any CPU
		{126F1C7C-861F-440F-A23A-62BADAA6B7FF}.Debug|x64.Build.0 = Debug|Any CPU
		{126F1C7C-861F-440F-A23A-62BADAA6B7FF}.Debug|x86.ActiveCfg = Debug|Any CPU
		{126F1C7C-861F-440F-A23A-62BADAA6B7FF}.Debug|x86.Build.0 = Debug|Any CPU
		{126F1C7C-861F-440F-A23A-62BADAA6B7FF}.Release|Any CPU.ActiveCfg = Release|Any CPU
		{126F1C7C-861F-440F-A23A-62BADAA6B7FF}.Release|Any CPU.Build.0 = Release|Any CPU
		{126F1C7C-861F-440F-A23A-62BADAA6B7FF}.Release|x64.ActiveCfg = Release|Any CPU
		{126F1C7C-861F-440F-A23A-62BADAA6B7FF}.Release|x64.Build.0 = Release|Any CPU
		{126F1C7C-861F-440F-A23A-62BADAA6B7FF}.Release|x86.ActiveCfg = Release|Any CPU
		{126F1C7C-861F-440F-A23A-62BADAA6B7FF}.Release|x86.Build.0 = Release|Any CPU
		{657F347F-995B-40A5-976D-18A157848BE2}.Debug|Any CPU.ActiveCfg = Debug|Any CPU
		{657F347F-995B-40A5-976D-18A157848BE2}.Debug|Any CPU.Build.0 = Debug|Any CPU
		{657F347F-995B-40A5-976D-18A157848BE2}.Debug|x64.ActiveCfg = Debug|Any CPU
		{657F347F-995B-40A5-976D-18A157848BE2}.Debug|x64.Build.0 = Debug|Any CPU
		{657F347F-995B-40A5-976D-18A157848BE2}.Debug|x86.ActiveCfg = Debug|Any CPU
		{657F347F-995B-40A5-976D-18A157848BE2}.Debug|x86.Build.0 = Debug|Any CPU
		{657F347F-995B-40A5-976D-18A157848BE2}.Release|Any CPU.ActiveCfg = Release|Any CPU
		{657F347F-995B-40A5-976D-18A157848BE2}.Release|Any CPU.Build.0 = Release|Any CPU
		{657F347F-995B-40A5-976D-18A157848BE2}.Release|x64.ActiveCfg = Release|Any CPU
		{657F347F-995B-40A5-976D-18A157848BE2}.Release|x64.Build.0 = Release|Any CPU
		{657F347F-995B-40A5-976D-18A157848BE2}.Release|x86.ActiveCfg = Release|Any CPU
		{657F347F-995B-40A5-976D-18A157848BE2}.Release|x86.Build.0 = Release|Any CPU
	EndGlobalSection
	GlobalSection(SolutionProperties) = preSolution
		HideSolutionNode = FALSE
	EndGlobalSection
	GlobalSection(NestedProjects) = preSolution
		{BFF2DF6E-AA54-47C7-211F-79ACCBB4577C} = {827E0CD3-B72D-47B6-A68D-7590B98EB39B}
		{844C464E-51A0-43DC-A5C6-FE152CA4DA6F} = {BFF2DF6E-AA54-47C7-211F-79ACCBB4577C}
		{2C6FDF35-4193-4E9B-8A52-B0D4FF8A7F16} = {BFF2DF6E-AA54-47C7-211F-79ACCBB4577C}
		{65168E87-F142-491B-BBAD-C244DFA3D862} = {BFF2DF6E-AA54-47C7-211F-79ACCBB4577C}
		{D0F1378F-D31A-446D-B0A1-5C78B83F2A4D} = {BFF2DF6E-AA54-47C7-211F-79ACCBB4577C}
		{D50A315C-0FA0-436F-91EC-9B99C1591578} = {BFF2DF6E-AA54-47C7-211F-79ACCBB4577C}
		{98F95409-8B3F-434B-979F-F3A3C9BF5031} = {BFF2DF6E-AA54-47C7-211F-79ACCBB4577C}
		{34E0237A-D768-4968-A418-F7A5B73A1662} = {BFF2DF6E-AA54-47C7-211F-79ACCBB4577C}
		{FF18B7D8-300F-4566-A956-215BD1867BEC} = {BFF2DF6E-AA54-47C7-211F-79ACCBB4577C}
		{851E61EF-BB1C-4C6C-95B9-0D6D74720DB2} = {BFF2DF6E-AA54-47C7-211F-79ACCBB4577C}
		{DFDB2E63-FA03-48E7-8D92-D63469E13BBB} = {BFF2DF6E-AA54-47C7-211F-79ACCBB4577C}
		{D77F01C4-4F6F-4E32-A05F-6D5FBD75180E} = {BFF2DF6E-AA54-47C7-211F-79ACCBB4577C}
		{17CEC59D-A113-4800-B109-A9535BE3E8AF} = {BFF2DF6E-AA54-47C7-211F-79ACCBB4577C}
		{CBEA0560-BDF2-4396-B86D-6C9F4D689984} = {BFF2DF6E-AA54-47C7-211F-79ACCBB4577C}
		{307291E2-4ABB-4009-A691-DA3BF3519DB2} = {BFF2DF6E-AA54-47C7-211F-79ACCBB4577C}
		{E5570871-B434-487B-A26A-492DDE2531CA} = {BFF2DF6E-AA54-47C7-211F-79ACCBB4577C}
		{4D783806-0CDF-4295-BAB2-812F8489FB50} = {BFF2DF6E-AA54-47C7-211F-79ACCBB4577C}
		{6574520D-D2D5-4059-BC6D-774816DAFF3E} = {BFF2DF6E-AA54-47C7-211F-79ACCBB4577C}
		{6A315E90-91FE-46F8-8FFC-825884F7DAD2} = {BFF2DF6E-AA54-47C7-211F-79ACCBB4577C}
		{C73D3914-0F80-481F-AE95-B7E70297CE6D} = {BFF2DF6E-AA54-47C7-211F-79ACCBB4577C}
		{F4B38637-524C-4111-A027-B311C6B15FFB} = {BFF2DF6E-AA54-47C7-211F-79ACCBB4577C}
		{EEE3EF6D-26DA-401A-B04C-EF0701313E39} = {BFF2DF6E-AA54-47C7-211F-79ACCBB4577C}
		{B7A0226E-D448-48A7-B8CB-89C2B1EED620} = {BFF2DF6E-AA54-47C7-211F-79ACCBB4577C}
		{52350DAB-A49A-4641-908E-58B133A35606} = {BFF2DF6E-AA54-47C7-211F-79ACCBB4577C}
		{D6F6A97A-DE1F-4E4B-9A71-1358B52CCDB3} = {BFF2DF6E-AA54-47C7-211F-79ACCBB4577C}
		{BB4EB43A-F5C8-4F0B-B634-4D50415F4858} = {BFF2DF6E-AA54-47C7-211F-79ACCBB4577C}
		{A71E0F11-7BB0-43D3-BF6A-90E82263D333} = {BFF2DF6E-AA54-47C7-211F-79ACCBB4577C}
		{CC40DA27-294E-4C9B-B356-C2CD0D0AB204} = {BFF2DF6E-AA54-47C7-211F-79ACCBB4577C}
		{9216FD3F-6065-4951-841E-2C0C988965FC} = {BFF2DF6E-AA54-47C7-211F-79ACCBB4577C}
		{BB3F45D5-EBB1-49C5-8C21-11831BE912AA} = {BFF2DF6E-AA54-47C7-211F-79ACCBB4577C}
		{126F1C7C-861F-440F-A23A-62BADAA6B7FF} = {BFF2DF6E-AA54-47C7-211F-79ACCBB4577C}
		{657F347F-995B-40A5-976D-18A157848BE2} = {BFF2DF6E-AA54-47C7-211F-79ACCBB4577C}
	EndGlobalSection
EndGlobal
